
Microsoft Visual Studio Solution File, Format Version 12.00
# Visual Studio Version 17
VisualStudioVersion = 17.2.32616.157
MinimumVisualStudioVersion = 10.0.40219.1
Project("{8BC9CEB8-8B4A-11D0-8D11-00A0C91BC942}") = "stack", "stack\stack.vcxproj", "{DE6D14FE-CC86-4343-A821-D3ADC3B0B355}"
EndProject
Global
	GlobalSection(SolutionConfigurationPlatforms) = preSolution
		Debug|x64 = Debug|x64
		Debug|x86 = Debug|x86
		Release|x64 = Release|x64
		Release|x86 = Release|x86
	EndGlobalSection
	GlobalSection(ProjectConfigurationPlatforms) = postSolution
		{DE6D14FE-CC86-4343-A821-D3ADC3B0B355}.Debug|x64.ActiveCfg = Debug|x64
		{DE6D14FE-CC86-4343-A821-D3ADC3B0B355}.Debug|x64.Build.0 = Debug|x64
		{DE6D14FE-CC86-4343-A821-D3ADC3B0B355}.Debug|x86.ActiveCfg = Debug|Win32
		{DE6D14FE-CC86-4343-A821-D3ADC3B0B355}.Debug|x86.Build.0 = Debug|Win32
		{DE6D14FE-CC86-4343-A821-D3ADC3B0B355}.Release|x64.ActiveCfg = Release|x64
		{DE6D14FE-CC86-4343-A821-D3ADC3B0B355}.Release|x64.Build.0 = Release|x64
		{DE6D14FE-CC86-4343-A821-D3ADC3B0B355}.Release|x86.ActiveCfg = Release|Win32
		{DE6D14FE-CC86-4343-A821-D3ADC3B0B355}.Release|x86.Build.0 = Release|Win32
	EndGlobalSection
	GlobalSection(SolutionProperties) = preSolution
		HideSolutionNode = FALSE
	EndGlobalSection
	GlobalSection(ExtensibilityGlobals) = postSolution
		SolutionGuid = {99845502-1602-4E16-8E7B-4EE0344F3556}
	EndGlobalSection
EndGlobal
